{
  "name": "ChatApp",
  "lockfileVersion": 2,
  "requires": true,
  "packages": {
    "": {
      "dependencies": {
        "validate-color": "^2.2.1"
      }
    },
    "node_modules/validate-color": {
      "version": "2.2.1",
      "resolved": "https://registry.npmjs.org/validate-color/-/validate-color-2.2.1.tgz",
      "integrity": "sha512-1eDb1zqP6W6bbfKKl6dRXObelNoQpW7aF3BUTh2AivWuhcD0pa3ejwURWqrVsyKJMLBMlHLFcM3sj5J+dSFhbg=="
    }
  },
  "dependencies": {
    "validate-color": {
      "version": "2.2.1",
      "resolved": "https://registry.npmjs.org/validate-color/-/validate-color-2.2.1.tgz",
      "integrity": "sha512-1eDb1zqP6W6bbfKKl6dRXObelNoQpW7aF3BUTh2AivWuhcD0pa3ejwURWqrVsyKJMLBMlHLFcM3sj5J+dSFhbg=="
    }
  }
}
